
Microsoft Visual Studio Solution File, Format Version 12.00
Project("{FAE04EC0-301F-11D3-BF4B-00C04F79EFBC}") = "hackathon", "hackathon\hackathon.csproj", "{A0F009C8-FC32-4440-90DC-04AE61838C26}"
EndProject
Project("{2150E333-8FDC-42A3-9474-1A3956D46DE8}") = "backend", "backend", "{87193DB3-6E52-418F-953B-D830737F5250}"
EndProject
Project("{2150E333-8FDC-42A3-9474-1A3956D46DE8}") = "src", "src", "{5802A767-EFCA-4099-AC8E-E39CBF330EF1}"
EndProject
Project("{2150E333-8FDC-42A3-9474-1A3956D46DE8}") = "Core", "Core", "{AE946C31-6CC9-49C2-9F56-DD45F0FA6C66}"
EndProject
Project("{FAE04EC0-301F-11D3-BF4B-00C04F79EFBC}") = "Application", "Application\Application.csproj", "{802241BB-EC70-4C0A-9ECF-CB6084E4972B}"
EndProject
Project("{FAE04EC0-301F-11D3-BF4B-00C04F79EFBC}") = "Domain", "Domain\Domain.csproj", "{A87F05FF-4E92-401B-BAFA-326B8783838B}"
EndProject
Project("{2150E333-8FDC-42A3-9474-1A3956D46DE8}") = "Infrastructure", "Infrastructure", "{E59456A0-E936-4776-BE93-E88BB305AC6B}"
EndProject
Project("{2150E333-8FDC-42A3-9474-1A3956D46DE8}") = "Presentation", "Presentation", "{F6B880A8-2473-415D-806C-C38F6AD14CFB}"
EndProject
Project("{FAE04EC0-301F-11D3-BF4B-00C04F79EFBC}") = "External", "External\External.csproj", "{5BF8605C-96F9-444A-A529-72DF4A4D4D02}"
EndProject
Project("{FAE04EC0-301F-11D3-BF4B-00C04F79EFBC}") = "Persistence", "Persistence\Persistence.csproj", "{136D62D9-9576-4070-BE4B-33053BCAD6A6}"
EndProject
Project("{FAE04EC0-301F-11D3-BF4B-00C04F79EFBC}") = "Config", "Config\Config.csproj", "{430C1142-46F0-4A16-93A6-074D0F5B8415}"
EndProject
Global
	GlobalSection(SolutionConfigurationPlatforms) = preSolution
		Debug|Any CPU = Debug|Any CPU
		Release|Any CPU = Release|Any CPU
	EndGlobalSection
	GlobalSection(ProjectConfigurationPlatforms) = postSolution
		{A0F009C8-FC32-4440-90DC-04AE61838C26}.Debug|Any CPU.ActiveCfg = Debug|Any CPU
		{A0F009C8-FC32-4440-90DC-04AE61838C26}.Debug|Any CPU.Build.0 = Debug|Any CPU
		{A0F009C8-FC32-4440-90DC-04AE61838C26}.Release|Any CPU.ActiveCfg = Release|Any CPU
		{A0F009C8-FC32-4440-90DC-04AE61838C26}.Release|Any CPU.Build.0 = Release|Any CPU
		{802241BB-EC70-4C0A-9ECF-CB6084E4972B}.Debug|Any CPU.ActiveCfg = Debug|Any CPU
		{802241BB-EC70-4C0A-9ECF-CB6084E4972B}.Debug|Any CPU.Build.0 = Debug|Any CPU
		{802241BB-EC70-4C0A-9ECF-CB6084E4972B}.Release|Any CPU.ActiveCfg = Release|Any CPU
		{802241BB-EC70-4C0A-9ECF-CB6084E4972B}.Release|Any CPU.Build.0 = Release|Any CPU
		{A87F05FF-4E92-401B-BAFA-326B8783838B}.Debug|Any CPU.ActiveCfg = Debug|Any CPU
		{A87F05FF-4E92-401B-BAFA-326B8783838B}.Debug|Any CPU.Build.0 = Debug|Any CPU
		{A87F05FF-4E92-401B-BAFA-326B8783838B}.Release|Any CPU.ActiveCfg = Release|Any CPU
		{A87F05FF-4E92-401B-BAFA-326B8783838B}.Release|Any CPU.Build.0 = Release|Any CPU
		{5BF8605C-96F9-444A-A529-72DF4A4D4D02}.Debug|Any CPU.ActiveCfg = Debug|Any CPU
		{5BF8605C-96F9-444A-A529-72DF4A4D4D02}.Debug|Any CPU.Build.0 = Debug|Any CPU
		{5BF8605C-96F9-444A-A529-72DF4A4D4D02}.Release|Any CPU.ActiveCfg = Release|Any CPU
		{5BF8605C-96F9-444A-A529-72DF4A4D4D02}.Release|Any CPU.Build.0 = Release|Any CPU
		{136D62D9-9576-4070-BE4B-33053BCAD6A6}.Debug|Any CPU.ActiveCfg = Debug|Any CPU
		{136D62D9-9576-4070-BE4B-33053BCAD6A6}.Debug|Any CPU.Build.0 = Debug|Any CPU
		{136D62D9-9576-4070-BE4B-33053BCAD6A6}.Release|Any CPU.ActiveCfg = Release|Any CPU
		{136D62D9-9576-4070-BE4B-33053BCAD6A6}.Release|Any CPU.Build.0 = Release|Any CPU
		{430C1142-46F0-4A16-93A6-074D0F5B8415}.Debug|Any CPU.ActiveCfg = Debug|Any CPU
		{430C1142-46F0-4A16-93A6-074D0F5B8415}.Debug|Any CPU.Build.0 = Debug|Any CPU
		{430C1142-46F0-4A16-93A6-074D0F5B8415}.Release|Any CPU.ActiveCfg = Release|Any CPU
		{430C1142-46F0-4A16-93A6-074D0F5B8415}.Release|Any CPU.Build.0 = Release|Any CPU
	EndGlobalSection
	GlobalSection(NestedProjects) = preSolution
		{5802A767-EFCA-4099-AC8E-E39CBF330EF1} = {87193DB3-6E52-418F-953B-D830737F5250}
		{AE946C31-6CC9-49C2-9F56-DD45F0FA6C66} = {5802A767-EFCA-4099-AC8E-E39CBF330EF1}
		{802241BB-EC70-4C0A-9ECF-CB6084E4972B} = {AE946C31-6CC9-49C2-9F56-DD45F0FA6C66}
		{A87F05FF-4E92-401B-BAFA-326B8783838B} = {AE946C31-6CC9-49C2-9F56-DD45F0FA6C66}
		{E59456A0-E936-4776-BE93-E88BB305AC6B} = {5802A767-EFCA-4099-AC8E-E39CBF330EF1}
		{F6B880A8-2473-415D-806C-C38F6AD14CFB} = {5802A767-EFCA-4099-AC8E-E39CBF330EF1}
		{5BF8605C-96F9-444A-A529-72DF4A4D4D02} = {E59456A0-E936-4776-BE93-E88BB305AC6B}
		{136D62D9-9576-4070-BE4B-33053BCAD6A6} = {E59456A0-E936-4776-BE93-E88BB305AC6B}
		{430C1142-46F0-4A16-93A6-074D0F5B8415} = {E59456A0-E936-4776-BE93-E88BB305AC6B}
		{A0F009C8-FC32-4440-90DC-04AE61838C26} = {F6B880A8-2473-415D-806C-C38F6AD14CFB}
	EndGlobalSection
EndGlobal
